
Microsoft Visual Studio Solution File, Format Version 12.00
# Visual Studio Version 17
VisualStudioVersion = 17.8.34525.116
MinimumVisualStudioVersion = 10.0.40219.1
Project("{FAE04EC0-301F-11D3-BF4B-00C04F79EFBC}") = "Splix", "Splix.csproj", "{2F01C429-3B65-4935-B759-1BFB7D23D3C5}"
EndProject
Global
	GlobalSection(SolutionConfigurationPlatforms) = preSolution
		Debug|Any CPU = Debug|Any CPU
		Release|Any CPU = Release|Any CPU
	EndGlobalSection
	GlobalSection(ProjectConfigurationPlatforms) = postSolution
		{2F01C429-3B65-4935-B759-1BFB7D23D3C5}.Debug|Any CPU.ActiveCfg = Debug|Any CPU
		{2F01C429-3B65-4935-B759-1BFB7D23D3C5}.Debug|Any CPU.Build.0 = Debug|Any CPU
		{2F01C429-3B65-4935-B759-1BFB7D23D3C5}.Release|Any CPU.ActiveCfg = Release|Any CPU
		{2F01C429-3B65-4935-B759-1BFB7D23D3C5}.Release|Any CPU.Build.0 = Release|Any CPU
	EndGlobalSection
	GlobalSection(SolutionProperties) = preSolution
		HideSolutionNode = FALSE
	EndGlobalSection
	GlobalSection(ExtensibilityGlobals) = postSolution
		SolutionGuid = {69B5C1C7-03D0-46D8-88F2-D3FAE94CABC7}
	EndGlobalSection
EndGlobal
